# This file is automatically @generated by Cargo.
# It is not intended for manual editing.
version = 4

[[package]]
name = "nvkvm-abi"
version = "0.1.0"
dependencies = [
 "nvkvm-arch",
]

[[package]]
name = "nvkvm-arch"
version = "0.1.0"

[[package]]
name = "nvkvm-completion"
version = "0.1.0"

[[package]]
name = "nvkvm-core"
version = "0.1.0"
dependencies = [
 "nvkvm-arch",
 "nvkvm-completion",
 "nvkvm-isolate",
 "nvkvm-mmu",
 "nvkvm-mocks",
 "nvkvm-util",
]

[[package]]
name = "nvkvm-fwd"
version = "0.1.0"
dependencies = [
 "nvkvm-arch",
 "nvkvm-completion",
 "nvkvm-core",
 "nvkvm-isolate",
 "nvkvm-mmu",
 "nvkvm-util",
 "nvkvm-vmm",
]

[[package]]
name = "nvkvm-gsp"
version = "0.1.0"
dependencies = [
 "nvkvm-util",
]

[[package]]
name = "nvkvm-isolate"
version = "0.1.0"
dependencies = [
 "nvkvm-arch",
]

[[package]]
name = "nvkvm-mmu"
version = "0.1.0"
dependencies = [
 "nvkvm-arch",
 "nvkvm-util",
]

[[package]]
name = "nvkvm-mocks"
version = "0.1.0"
dependencies = [
 "nvkvm-arch",
 "nvkvm-isolate",
 "nvkvm-util",
 "nvkvm-vmm",
]

[[package]]
name = "nvkvm-tests"
version = "0.1.0"
dependencies = [
 "nvkvm-arch",
 "nvkvm-completion",
 "nvkvm-core",
 "nvkvm-fwd",
 "nvkvm-isolate",
 "nvkvm-mmu",
 "nvkvm-mocks",
 "nvkvm-vmm",
]

[[package]]
name = "nvkvm-trace"
version = "0.1.0"

[[package]]
name = "nvkvm-util"
version = "0.1.0"

[[package]]
name = "nvkvm-vmm"
version = "0.1.0"
dependencies = [
 "nvkvm-util",
]
